
Microsoft Visual Studio Solution File, Format Version 12.00
# Visual Studio Version 17
VisualStudioVersion = 17.12.35707.178
MinimumVisualStudioVersion = 10.0.40219.1
Project("{FAE04EC0-301F-11D3-BF4B-00C04F79EFBC}") = "BeautySalon", "BeautySalon.csproj", "{413E5913-01A5-4039-B004-FF5F9DD05252}"
EndProject
Project("{FAE04EC0-301F-11D3-BF4B-00C04F79EFBC}") = "BeautySalonAPI", "..\BeautySalonAPI\BeautySalonAPI.csproj", "{903CE484-975E-4F38-BC91-544AA307BEB7}"
EndProject
Global
	GlobalSection(SolutionConfigurationPlatforms) = preSolution
		Debug|Any CPU = Debug|Any CPU
		Release|Any CPU = Release|Any CPU
	EndGlobalSection
	GlobalSection(ProjectConfigurationPlatforms) = postSolution
		{413E5913-01A5-4039-B004-FF5F9DD05252}.Debug|Any CPU.ActiveCfg = Debug|Any CPU
		{413E5913-01A5-4039-B004-FF5F9DD05252}.Debug|Any CPU.Build.0 = Debug|Any CPU
		{413E5913-01A5-4039-B004-FF5F9DD05252}.Release|Any CPU.ActiveCfg = Release|Any CPU
		{413E5913-01A5-4039-B004-FF5F9DD05252}.Release|Any CPU.Build.0 = Release|Any CPU
		{903CE484-975E-4F38-BC91-544AA307BEB7}.Debug|Any CPU.ActiveCfg = Debug|Any CPU
		{903CE484-975E-4F38-BC91-544AA307BEB7}.Debug|Any CPU.Build.0 = Debug|Any CPU
		{903CE484-975E-4F38-BC91-544AA307BEB7}.Release|Any CPU.ActiveCfg = Release|Any CPU
		{903CE484-975E-4F38-BC91-544AA307BEB7}.Release|Any CPU.Build.0 = Release|Any CPU
	EndGlobalSection
	GlobalSection(SolutionProperties) = preSolution
		HideSolutionNode = FALSE
	EndGlobalSection
EndGlobal
